
Microsoft Visual Studio Solution File, Format Version 12.00
# Visual Studio Version 17
VisualStudioVersion = 17.14.36109.1 d17.14
MinimumVisualStudioVersion = 10.0.40219.1
Project("{FAE04EC0-301F-11D3-BF4B-00C04F79EFBC}") = "SmartBreaker", "SmartBreaker.csproj", "{F325D517-5276-4C83-A161-C647A7B55DF4}"
EndProject
Global
	GlobalSection(SolutionConfigurationPlatforms) = preSolution
		Debug|Any CPU = Debug|Any CPU
		Release|Any CPU = Release|Any CPU
	EndGlobalSection
	GlobalSection(ProjectConfigurationPlatforms) = postSolution
		{F325D517-5276-4C83-A161-C647A7B55DF4}.Debug|Any CPU.ActiveCfg = Debug|Any CPU
		{F325D517-5276-4C83-A161-C647A7B55DF4}.Debug|Any CPU.Build.0 = Debug|Any CPU
		{F325D517-5276-4C83-A161-C647A7B55DF4}.Release|Any CPU.ActiveCfg = Release|Any CPU
		{F325D517-5276-4C83-A161-C647A7B55DF4}.Release|Any CPU.Build.0 = Release|Any CPU
	EndGlobalSection
	GlobalSection(SolutionProperties) = preSolution
		HideSolutionNode = FALSE
	EndGlobalSection
	GlobalSection(ExtensibilityGlobals) = postSolution
		SolutionGuid = {0FD9622C-B620-4FF2-AE66-3FF67EAD76B4}
	EndGlobalSection
EndGlobal
